// !$*UTF8*$!
{
	archiveVersion = 1;
	classes = {
	};
	objectVersion = 77;
	objects = {

/* Begin PBXBuildFile section */
		AE7F14472E8A600300B02E28 /* ContentView.swift in Sources */ = {isa = PBXBuildFile; fileRef = AE7F14442E8A600300B02E28 /* ContentView.swift */; };
		AE7F14482E8A600300B02E28 /* FlightDealsAggregatorApp.swift in Sources */ = {isa = PBXBuildFile; fileRef = AE7F14452E8A600300B02E28 /* FlightDealsAggregatorApp.swift */; };
		AE7F14492E8A600300B02E28 /* Assets.xcassets in Resources */ = {isa = PBXBuildFile; fileRef = AE7F14432E8A600300B02E28 /* Assets.xcassets */; };
		AE7F144C2E8A663B00B02E28 /* TravelpayoutsClient.swift in Sources */ = {isa = PBXBuildFile; fileRef = AE7F144A2E8A663B00B02E28 /* TravelpayoutsClient.swift */; };
		AE7F144F2E8A664A00B02E28 /* FlightModels.swift in Sources */ = {isa = PBXBuildFile; fileRef = AE7F144D2E8A664A00B02E28 /* FlightModels.swift */; };
		AE7F14522E8A665700B02E28 /* FlightsViewModel.swift in Sources */ = {isa = PBXBuildFile; fileRef = AE7F14502E8A665700B02E28 /* FlightsViewModel.swift */; };
		AE7F14542E8A666100B02E28 /* Config.swift in Sources */ = {isa = PBXBuildFile; fileRef = AE7F14532E8A666100B02E28 /* Config.swift */; };
		AE7F14572E8A673D00B02E28 /* FlightsListView.swift in Sources */ = {isa = PBXBuildFile; fileRef = AE7F14552E8A673D00B02E28 /* FlightsListView.swift */; };
		AE7F145A2E8A6A0900B02E28 /* FlightsRepository.swift in Sources */ = {isa = PBXBuildFile; fileRef = AE7F14582E8A6A0900B02E28 /* FlightsRepository.swift */; };
		AE7F145C2E8A6A4100B02E28 /* FlightDetailsView.swift in Sources */ = {isa = PBXBuildFile; fileRef = AE7F145B2E8A6A4100B02E28 /* FlightDetailsView.swift */; };
		AE7F14612E8A789000B02E28 /* Theme.swift in Sources */ = {isa = PBXBuildFile; fileRef = AE7F14602E8A789000B02E28 /* Theme.swift */; };
		AE7F14652E8A79A400B02E28 /* CameraView.swift in Sources */ = {isa = PBXBuildFile; fileRef = AE7F14642E8A79A400B02E28 /* CameraView.swift */; };
		AED853272E8A835500C39ECD /* PhotoSaver.swift in Sources */ = {isa = PBXBuildFile; fileRef = AED853262E8A835500C39ECD /* PhotoSaver.swift */; };
		AED853292E8A9E6800C39ECD /* FlightRow.swift in Sources */ = {isa = PBXBuildFile; fileRef = AED853282E8A9E6800C39ECD /* FlightRow.swift */; };
/* End PBXBuildFile section */

/* Begin PBXFileReference section */
		AE7F14352E8A5F6800B02E28 /* FlightDealsAggregator.app */ = {isa = PBXFileReference; explicitFileType = wrapper.application; includeInIndex = 0; path = FlightDealsAggregator.app; sourceTree = BUILT_PRODUCTS_DIR; };
		AE7F14432E8A600300B02E28 /* Assets.xcassets */ = {isa = PBXFileReference; lastKnownFileType = folder.assetcatalog; path = Assets.xcassets; sourceTree = "<group>"; };
		AE7F14442E8A600300B02E28 /* ContentView.swift */ = {isa = PBXFileReference; lastKnownFileType = sourcecode.swift; path = ContentView.swift; sourceTree = "<group>"; };
		AE7F14452E8A600300B02E28 /* FlightDealsAggregatorApp.swift */ = {isa = PBXFileReference; lastKnownFileType = sourcecode.swift; path = FlightDealsAggregatorApp.swift; sourceTree = "<group>"; };
		AE7F144A2E8A663B00B02E28 /* TravelpayoutsClient.swift */ = {isa = PBXFileReference; lastKnownFileType = sourcecode.swift; path = TravelpayoutsClient.swift; sourceTree = "<group>"; };
		AE7F144D2E8A664A00B02E28 /* FlightModels.swift */ = {isa = PBXFileReference; lastKnownFileType = sourcecode.swift; path = FlightModels.swift; sourceTree = "<group>"; };
		AE7F14502E8A665700B02E28 /* FlightsViewModel.swift */ = {isa = PBXFileReference; lastKnownFileType = sourcecode.swift; path = FlightsViewModel.swift; sourceTree = "<group>"; };
		AE7F14532E8A666100B02E28 /* Config.swift */ = {isa = PBXFileReference; lastKnownFileType = sourcecode.swift; path = Config.swift; sourceTree = "<group>"; };
		AE7F14552E8A673D00B02E28 /* FlightsListView.swift */ = {isa = PBXFileReference; lastKnownFileType = sourcecode.swift; path = FlightsListView.swift; sourceTree = "<group>"; };
		AE7F14582E8A6A0900B02E28 /* FlightsRepository.swift */ = {isa = PBXFileReference; lastKnownFileType = sourcecode.swift; path = FlightsRepository.swift; sourceTree = "<group>"; };
		AE7F145B2E8A6A4100B02E28 /* FlightDetailsView.swift */ = {isa = PBXFileReference; lastKnownFileType = sourcecode.swift; path = FlightDetailsView.swift; sourceTree = "<group>"; };
		AE7F14602E8A789000B02E28 /* Theme.swift */ = {isa = PBXFileReference; lastKnownFileType = sourcecode.swift; path = Theme.swift; sourceTree = "<group>"; };
		AE7F14642E8A79A400B02E28 /* CameraView.swift */ = {isa = PBXFileReference; lastKnownFileType = sourcecode.swift; path = CameraView.swift; sourceTree = "<group>"; };
		AED853262E8A835500C39ECD /* PhotoSaver.swift */ = {isa = PBXFileReference; lastKnownFileType = sourcecode.swift; path = PhotoSaver.swift; sourceTree = "<group>"; };
		AED853282E8A9E6800C39ECD /* FlightRow.swift */ = {isa = PBXFileReference; lastKnownFileType = sourcecode.swift; path = FlightRow.swift; sourceTree = "<group>"; };
/* End PBXFileReference section */

/* Begin PBXFrameworksBuildPhase section */
		AE7F14322E8A5F6800B02E28 /* Frameworks */ = {
			isa = PBXFrameworksBuildPhase;
			buildActionMask = 2147483647;
			files = (
			);
			runOnlyForDeploymentPostprocessing = 0;
		};
/* End PBXFrameworksBuildPhase section */

/* Begin PBXGroup section */
		AE7F142C2E8A5F6800B02E28 = {
			isa = PBXGroup;
			children = (
				AE7F14462E8A600300B02E28 /* FlightDealsAggregator */,
				AE7F14362E8A5F6800B02E28 /* Products */,
			);
			sourceTree = "<group>";
		};
		AE7F14362E8A5F6800B02E28 /* Products */ = {
			isa = PBXGroup;
			children = (
				AE7F14352E8A5F6800B02E28 /* FlightDealsAggregator.app */,
			);
			name = Products;
			sourceTree = "<group>";
		};
		AE7F14462E8A600300B02E28 /* FlightDealsAggregator */ = {
			isa = PBXGroup;
			children = (
				AE7F145E2E8A725F00B02E28 /* Utilities */,
				AE7F14592E8A6A0900B02E28 /* Repositories */,
				AE7F14562E8A673D00B02E28 /* Views */,
				AE7F14532E8A666100B02E28 /* Config.swift */,
				AE7F14512E8A665700B02E28 /* ViewModels */,
				AE7F144E2E8A664A00B02E28 /* Models */,
				AE7F144B2E8A663B00B02E28 /* API */,
				AE7F14432E8A600300B02E28 /* Assets.xcassets */,
				AE7F14442E8A600300B02E28 /* ContentView.swift */,
				AE7F14452E8A600300B02E28 /* FlightDealsAggregatorApp.swift */,
			);
			path = FlightDealsAggregator;
			sourceTree = "<group>";
		};
		AE7F144B2E8A663B00B02E28 /* API */ = {
			isa = PBXGroup;
			children = (
				AE7F144A2E8A663B00B02E28 /* TravelpayoutsClient.swift */,
			);
			path = API;
			sourceTree = "<group>";
		};
		AE7F144E2E8A664A00B02E28 /* Models */ = {
			isa = PBXGroup;
			children = (
				AE7F144D2E8A664A00B02E28 /* FlightModels.swift */,
			);
			path = Models;
			sourceTree = "<group>";
		};
		AE7F14512E8A665700B02E28 /* ViewModels */ = {
			isa = PBXGroup;
			children = (
				AE7F14502E8A665700B02E28 /* FlightsViewModel.swift */,
			);
			path = ViewModels;
			sourceTree = "<group>";
		};
		AE7F14562E8A673D00B02E28 /* Views */ = {
			isa = PBXGroup;
			children = (
				AE7F14642E8A79A400B02E28 /* CameraView.swift */,
				AE7F145B2E8A6A4100B02E28 /* FlightDetailsView.swift */,
				AE7F14552E8A673D00B02E28 /* FlightsListView.swift */,
				AED853282E8A9E6800C39ECD /* FlightRow.swift */,
			);
			path = Views;
			sourceTree = "<group>";
		};
		AE7F14592E8A6A0900B02E28 /* Repositories */ = {
			isa = PBXGroup;
			children = (
				AE7F14582E8A6A0900B02E28 /* FlightsRepository.swift */,
			);
			path = Repositories;
			sourceTree = "<group>";
		};
		AE7F145E2E8A725F00B02E28 /* Utilities */ = {
			isa = PBXGroup;
			children = (
				AED853262E8A835500C39ECD /* PhotoSaver.swift */,
				AE7F14602E8A789000B02E28 /* Theme.swift */,
			);
			path = Utilities;
			sourceTree = "<group>";
		};
/* End PBXGroup section */

/* Begin PBXNativeTarget section */
		AE7F14342E8A5F6800B02E28 /* FlightDealsAggregator */ = {
			isa = PBXNativeTarget;
			buildConfigurationList = AE7F14402E8A5F6B00B02E28 /* Build configuration list for PBXNativeTarget "FlightDealsAggregator" */;
			buildPhases = (
				AE7F14312E8A5F6800B02E28 /* Sources */,
				AE7F14322E8A5F6800B02E28 /* Frameworks */,
				AE7F14332E8A5F6800B02E28 /* Resources */,
			);
			buildRules = (
			);
			dependencies = (
			);
			name = FlightDealsAggregator;
			packageProductDependencies = (
			);
			productName = FlightDealsAggregator;
			productReference = AE7F14352E8A5F6800B02E28 /* FlightDealsAggregator.app */;
			productType = "com.apple.product-type.application";
		};
/* End PBXNativeTarget section */

/* Begin PBXProject section */
		AE7F142D2E8A5F6800B02E28 /* Project object */ = {
			isa = PBXProject;
			attributes = {
				BuildIndependentTargetsInParallel = 1;
				LastSwiftUpdateCheck = 1640;
				LastUpgradeCheck = 1640;
				TargetAttributes = {
					AE7F14342E8A5F6800B02E28 = {
						CreatedOnToolsVersion = 16.4;
					};
				};
			};
			buildConfigurationList = AE7F14302E8A5F6800B02E28 /* Build configuration list for PBXProject "FlightDealsAggregator" */;
			developmentRegion = en;
			hasScannedForEncodings = 0;
			knownRegions = (
				en,
				Base,
			);
			mainGroup = AE7F142C2E8A5F6800B02E28;
			minimizedProjectReferenceProxies = 1;
			preferredProjectObjectVersion = 77;
			productRefGroup = AE7F14362E8A5F6800B02E28 /* Products */;
			projectDirPath = "";
			projectRoot = "";
			targets = (
				AE7F14342E8A5F6800B02E28 /* FlightDealsAggregator */,
			);
		};
/* End PBXProject section */

/* Begin PBXResourcesBuildPhase section */
		AE7F14332E8A5F6800B02E28 /* Resources */ = {
			isa = PBXResourcesBuildPhase;
			buildActionMask = 2147483647;
			files = (
				AE7F14492E8A600300B02E28 /* Assets.xcassets in Resources */,
			);
			runOnlyForDeploymentPostprocessing = 0;
		};
/* End PBXResourcesBuildPhase section */

/* Begin PBXSourcesBuildPhase section */
		AE7F14312E8A5F6800B02E28 /* Sources */ = {
			isa = PBXSourcesBuildPhase;
			buildActionMask = 2147483647;
			files = (
				AE7F144C2E8A663B00B02E28 /* TravelpayoutsClient.swift in Sources */,
				AE7F14472E8A600300B02E28 /* ContentView.swift in Sources */,
				AE7F14652E8A79A400B02E28 /* CameraView.swift in Sources */,
				AE7F14482E8A600300B02E28 /* FlightDealsAggregatorApp.swift in Sources */,
				AE7F145A2E8A6A0900B02E28 /* FlightsRepository.swift in Sources */,
				AE7F14612E8A789000B02E28 /* Theme.swift in Sources */,
				AE7F14572E8A673D00B02E28 /* FlightsListView.swift in Sources */,
				AE7F14522E8A665700B02E28 /* FlightsViewModel.swift in Sources */,
				AED853272E8A835500C39ECD /* PhotoSaver.swift in Sources */,
				AE7F144F2E8A664A00B02E28 /* FlightModels.swift in Sources */,
				AED853292E8A9E6800C39ECD /* FlightRow.swift in Sources */,
				AE7F145C2E8A6A4100B02E28 /* FlightDetailsView.swift in Sources */,
				AE7F14542E8A666100B02E28 /* Config.swift in Sources */,
			);
			runOnlyForDeploymentPostprocessing = 0;
		};
/* End PBXSourcesBuildPhase section */

/* Begin XCBuildConfiguration section */
		AE7F143E2E8A5F6B00B02E28 /* Debug */ = {
			isa = XCBuildConfiguration;
			buildSettings = {
				ALWAYS_SEARCH_USER_PATHS = NO;
				ASSETCATALOG_COMPILER_GENERATE_SWIFT_ASSET_SYMBOL_EXTENSIONS = YES;
				CLANG_ANALYZER_NONNULL = YES;
				CLANG_ANALYZER_NUMBER_OBJECT_CONVERSION = YES_AGGRESSIVE;
				CLANG_CXX_LANGUAGE_STANDARD = "gnu++20";
				CLANG_ENABLE_MODULES = YES;
				CLANG_ENABLE_OBJC_ARC = YES;
				CLANG_ENABLE_OBJC_WEAK = YES;
				CLANG_WARN_BLOCK_CAPTURE_AUTORELEASING = YES;
				CLANG_WARN_BOOL_CONVERSION = YES;
				CLANG_WARN_COMMA = YES;
				CLANG_WARN_CONSTANT_CONVERSION = YES;
				CLANG_WARN_DEPRECATED_OBJC_IMPLEMENTATIONS = YES;
				CLANG_WARN_DIRECT_OBJC_ISA_USAGE = YES_ERROR;
				CLANG_WARN_DOCUMENTATION_COMMENTS = YES;
				CLANG_WARN_EMPTY_BODY = YES;
				CLANG_WARN_ENUM_CONVERSION = YES;
				CLANG_WARN_INFINITE_RECURSION = YES;
				CLANG_WARN_INT_CONVERSION = YES;
				CLANG_WARN_NON_LITERAL_NULL_CONVERSION = YES;
				CLANG_WARN_OBJC_IMPLICIT_RETAIN_SELF = YES;
				CLANG_WARN_OBJC_LITERAL_CONVERSION = YES;
				CLANG_WARN_OBJC_ROOT_CLASS = YES_ERROR;
				CLANG_WARN_QUOTED_INCLUDE_IN_FRAMEWORK_HEADER = YES;
				CLANG_WARN_RANGE_LOOP_ANALYSIS = YES;
				CLANG_WARN_STRICT_PROTOTYPES = YES;
				CLANG_WARN_SUSPICIOUS_MOVE = YES;
				CLANG_WARN_UNGUARDED_AVAILABILITY = YES_AGGRESSIVE;
				CLANG_WARN_UNREACHABLE_CODE = YES;
				CLANG_WARN__DUPLICATE_METHOD_MATCH = YES;
				COPY_PHASE_STRIP = NO;
				DEBUG_INFORMATION_FORMAT = dwarf;
				DEVELOPMENT_TEAM = 9Y94J8V38R;
				ENABLE_STRICT_OBJC_MSGSEND = YES;
				ENABLE_TESTABILITY = YES;
				ENABLE_USER_SCRIPT_SANDBOXING = YES;
				GCC_C_LANGUAGE_STANDARD = gnu17;
				GCC_DYNAMIC_NO_PIC = NO;
				GCC_NO_COMMON_BLOCKS = YES;
				GCC_OPTIMIZATION_LEVEL = 0;
				GCC_PREPROCESSOR_DEFINITIONS = (
					"DEBUG=1",
					"$(inherited)",
				);
				GCC_WARN_64_TO_32_BIT_CONVERSION = YES;
				GCC_WARN_ABOUT_RETURN_TYPE = YES_ERROR;
				GCC_WARN_UNDECLARED_SELECTOR = YES;
				GCC_WARN_UNINITIALIZED_AUTOS = YES_AGGRESSIVE;
				GCC_WARN_UNUSED_FUNCTION = YES;
				GCC_WARN_UNUSED_VARIABLE = YES;
				IPHONEOS_DEPLOYMENT_TARGET = 18.5;
				LOCALIZATION_PREFERS_STRING_CATALOGS = YES;
				MTL_ENABLE_DEBUG_INFO = INCLUDE_SOURCE;
				MTL_FAST_MATH = YES;
				ONLY_ACTIVE_ARCH = YES;
				SDKROOT = iphoneos;
				SWIFT_ACTIVE_COMPILATION_CONDITIONS = "DEBUG $(inherited)";
				SWIFT_OPTIMIZATION_LEVEL = "-Onone";
			};
			name = Debug;
		};
		AE7F143F2E8A5F6B00B02E28 /* Release */ = {
			isa = XCBuildConfiguration;
			buildSettings = {
				ALWAYS_SEARCH_USER_PATHS = NO;
				ASSETCATALOG_COMPILER_GENERATE_SWIFT_ASSET_SYMBOL_EXTENSIONS = YES;
				CLANG_ANALYZER_NONNULL = YES;
				CLANG_ANALYZER_NUMBER_OBJECT_CONVERSION = YES_AGGRESSIVE;
				CLANG_CXX_LANGUAGE_STANDARD = "gnu++20";
				CLANG_ENABLE_MODULES = YES;
				CLANG_ENABLE_OBJC_ARC = YES;
				CLANG_ENABLE_OBJC_WEAK = YES;
				CLANG_WARN_BLOCK_CAPTURE_AUTORELEASING = YES;
				CLANG_WARN_BOOL_CONVERSION = YES;
				CLANG_WARN_COMMA = YES;
				CLANG_WARN_CONSTANT_CONVERSION = YES;
				CLANG_WARN_DEPRECATED_OBJC_IMPLEMENTATIONS = YES;
				CLANG_WARN_DIRECT_OBJC_ISA_USAGE = YES_ERROR;
				CLANG_WARN_DOCUMENTATION_COMMENTS = YES;
				CLANG_WARN_EMPTY_BODY = YES;
				CLANG_WARN_ENUM_CONVERSION = YES;
				CLANG_WARN_INFINITE_RECURSION = YES;
				CLANG_WARN_INT_CONVERSION = YES;
				CLANG_WARN_NON_LITERAL_NULL_CONVERSION = YES;
				CLANG_WARN_OBJC_IMPLICIT_RETAIN_SELF = YES;
				CLANG_WARN_OBJC_LITERAL_CONVERSION = YES;
				CLANG_WARN_OBJC_ROOT_CLASS = YES_ERROR;
				CLANG_WARN_QUOTED_INCLUDE_IN_FRAMEWORK_HEADER = YES;
				CLANG_WARN_RANGE_LOOP_ANALYSIS = YES;
				CLANG_WARN_STRICT_PROTOTYPES = YES;
				CLANG_WARN_SUSPICIOUS_MOVE = YES;
				CLANG_WARN_UNGUARDED_AVAILABILITY = YES_AGGRESSIVE;
				CLANG_WARN_UNREACHABLE_CODE = YES;
				CLANG_WARN__DUPLICATE_METHOD_MATCH = YES;
				COPY_PHASE_STRIP = NO;
				DEBUG_INFORMATION_FORMAT = "dwarf-with-dsym";
				DEVELOPMENT_TEAM = 9Y94J8V38R;
				ENABLE_NS_ASSERTIONS = NO;
				ENABLE_STRICT_OBJC_MSGSEND = YES;
				ENABLE_USER_SCRIPT_SANDBOXING = YES;
				GCC_C_LANGUAGE_STANDARD = gnu17;
				GCC_NO_COMMON_BLOCKS = YES;
				GCC_WARN_64_TO_32_BIT_CONVERSION = YES;
				GCC_WARN_ABOUT_RETURN_TYPE = YES_ERROR;
				GCC_WARN_UNDECLARED_SELECTOR = YES;
				GCC_WARN_UNINITIALIZED_AUTOS = YES_AGGRESSIVE;
				GCC_WARN_UNUSED_FUNCTION = YES;
				GCC_WARN_UNUSED_VARIABLE = YES;
				IPHONEOS_DEPLOYMENT_TARGET = 18.5;
				LOCALIZATION_PREFERS_STRING_CATALOGS = YES;
				MTL_ENABLE_DEBUG_INFO = NO;
				MTL_FAST_MATH = YES;
				SDKROOT = iphoneos;
				SWIFT_COMPILATION_MODE = wholemodule;
				VALIDATE_PRODUCT = YES;
			};
			name = Release;
		};
		AE7F14412E8A5F6B00B02E28 /* Debug */ = {
			isa = XCBuildConfiguration;
			buildSettings = {
				ASSETCATALOG_COMPILER_APPICON_NAME = AppIcon;
				ASSETCATALOG_COMPILER_GLOBAL_ACCENT_COLOR_NAME = AccentColor;
				CODE_SIGN_STYLE = Automatic;
				CURRENT_PROJECT_VERSION = 1;
				DEVELOPMENT_TEAM = 9Y94J8V38R;
				ENABLE_PREVIEWS = YES;
				GENERATE_INFOPLIST_FILE = YES;
				INFOPLIST_KEY_NSCameraUsageDescription = "We use the camera to scan boarding passes and save photos.";
				INFOPLIST_KEY_NSPhotoLibraryAddUsageDescription = "Allow adding captured images to your Photos library.";
				INFOPLIST_KEY_NSPhotoLibraryUsageDescription = "Allow access to save captured images.";
				INFOPLIST_KEY_UIApplicationSceneManifest_Generation = YES;
				INFOPLIST_KEY_UIApplicationSupportsIndirectInputEvents = YES;
				INFOPLIST_KEY_UILaunchScreen_Generation = YES;
				INFOPLIST_KEY_UISupportedInterfaceOrientations_iPad = "UIInterfaceOrientationPortrait UIInterfaceOrientationPortraitUpsideDown UIInterfaceOrientationLandscapeLeft UIInterfaceOrientationLandscapeRight";
				INFOPLIST_KEY_UISupportedInterfaceOrientations_iPhone = "UIInterfaceOrientationPortrait UIInterfaceOrientationLandscapeLeft UIInterfaceOrientationLandscapeRight";
				LD_RUNPATH_SEARCH_PATHS = (
					"$(inherited)",
					"@executable_path/Frameworks",
				);
				MARKETING_VERSION = 1.0;
				PRODUCT_BUNDLE_IDENTIFIER = com.aleksandrVorobei.carControl.FlightDealsAggregator;
				PRODUCT_NAME = "$(TARGET_NAME)";
				SWIFT_EMIT_LOC_STRINGS = YES;
				SWIFT_VERSION = 5.0;
				TARGETED_DEVICE_FAMILY = "1,2";
			};
			name = Debug;
		};
		AE7F14422E8A5F6B00B02E28 /* Release */ = {
			isa = XCBuildConfiguration;
			buildSettings = {
				ASSETCATALOG_COMPILER_APPICON_NAME = AppIcon;
				ASSETCATALOG_COMPILER_GLOBAL_ACCENT_COLOR_NAME = AccentColor;
				CODE_SIGN_STYLE = Automatic;
				CURRENT_PROJECT_VERSION = 1;
				DEVELOPMENT_TEAM = 9Y94J8V38R;
				ENABLE_PREVIEWS = YES;
				GENERATE_INFOPLIST_FILE = YES;
				INFOPLIST_KEY_NSCameraUsageDescription = "We use the camera to scan boarding passes and save photos.";
				INFOPLIST_KEY_NSPhotoLibraryAddUsageDescription = "Allow adding captured images to your Photos library.";
				INFOPLIST_KEY_NSPhotoLibraryUsageDescription = "Allow access to save captured images.";
				INFOPLIST_KEY_UIApplicationSceneManifest_Generation = YES;
				INFOPLIST_KEY_UIApplicationSupportsIndirectInputEvents = YES;
				INFOPLIST_KEY_UILaunchScreen_Generation = YES;
				INFOPLIST_KEY_UISupportedInterfaceOrientations_iPad = "UIInterfaceOrientationPortrait UIInterfaceOrientationPortraitUpsideDown UIInterfaceOrientationLandscapeLeft UIInterfaceOrientationLandscapeRight";
				INFOPLIST_KEY_UISupportedInterfaceOrientations_iPhone = "UIInterfaceOrientationPortrait UIInterfaceOrientationLandscapeLeft UIInterfaceOrientationLandscapeRight";
				LD_RUNPATH_SEARCH_PATHS = (
					"$(inherited)",
					"@executable_path/Frameworks",
				);
				MARKETING_VERSION = 1.0;
				PRODUCT_BUNDLE_IDENTIFIER = com.aleksandrVorobei.carControl.FlightDealsAggregator;
				PRODUCT_NAME = "$(TARGET_NAME)";
				SWIFT_EMIT_LOC_STRINGS = YES;
				SWIFT_VERSION = 5.0;
				TARGETED_DEVICE_FAMILY = "1,2";
			};
			name = Release;
		};
/* End XCBuildConfiguration section */

/* Begin XCConfigurationList section */
		AE7F14302E8A5F6800B02E28 /* Build configuration list for PBXProject "FlightDealsAggregator" */ = {
			isa = XCConfigurationList;
			buildConfigurations = (
				AE7F143E2E8A5F6B00B02E28 /* Debug */,
				AE7F143F2E8A5F6B00B02E28 /* Release */,
			);
			defaultConfigurationIsVisible = 0;
			defaultConfigurationName = Release;
		};
		AE7F14402E8A5F6B00B02E28 /* Build configuration list for PBXNativeTarget "FlightDealsAggregator" */ = {
			isa = XCConfigurationList;
			buildConfigurations = (
				AE7F14412E8A5F6B00B02E28 /* Debug */,
				AE7F14422E8A5F6B00B02E28 /* Release */,
			);
			defaultConfigurationIsVisible = 0;
			defaultConfigurationName = Release;
		};
/* End XCConfigurationList section */
	};
	rootObject = AE7F142D2E8A5F6800B02E28 /* Project object */;
}
